PODS:
  - Alamofire (3.1.4)
  - CryptoSwift (0.2.2)
  - SwiftyJSON (2.3.2)

DEPENDENCIES:
  - Alamofire (~> 3.0)
  - CryptoSwift (from `https://github.com/krzyzanowskim/CryptoSwift`, branch `master`)
  - SwiftyJSON

EXTERNAL SOURCES:
  CryptoSwift:
    :branch: master
    :git: https://github.com/krzyzanowskim/CryptoSwift

CHECKOUT OPTIONS:
  CryptoSwift:
    :commit: 8679ad09c1e84da099076596b0715c7ec376f7dc
    :git: https://github.com/krzyzanowskim/CryptoSwift

SPEC CHECKSUMS:
  Alamofire: fbc829692f351fa1d8a31dd75fd7f7f56fea31fb
  CryptoSwift: d382228d6301c09474132417878a741c2a2e68cd
  SwiftyJSON: 04ccea08915aa0109039157c7974cf0298da292a

COCOAPODS: 0.39.0
